
Microsoft Visual Studio Solution File, Format Version 12.00
# Visual Studio 2013
VisualStudioVersion = 12.0.21005.1
MinimumVisualStudioVersion = 10.0.40219.1
Project("{FAE04EC0-301F-11D3-BF4B-00C04F79EFBC}") = "StudentOrganizerGUI", "StudentOrganizarFinalVersion\StudentOrganizerGUI.csproj", "{F752651B-D83D-4319-8D5A-666EB3578F97}"
EndProject
Project("{FAE04EC0-301F-11D3-BF4B-00C04F79EFBC}") = "StudentOrganizer.BO", "ClassLibrary1\StudentOrganizer.BO.csproj", "{3CDA8D86-7497-4BFD-8D53-7DFFFE5DE74E}"
EndProject
Project("{FAE04EC0-301F-11D3-BF4B-00C04F79EFBC}") = "StudentOrganizerDBOp", "StudentOrganizerDBOp\StudentOrganizerDBOp.csproj", "{F527E642-B93B-43CE-A0C5-EDF4B8E5483F}"
EndProject
Global
	GlobalSection(SolutionConfigurationPlatforms) = preSolution
		Debug|Any CPU = Debug|Any CPU
		Release|Any CPU = Release|Any CPU
	EndGlobalSection
	GlobalSection(ProjectConfigurationPlatforms) = postSolution
		{F752651B-D83D-4319-8D5A-666EB3578F97}.Debug|Any CPU.ActiveCfg = Debug|Any CPU
		{F752651B-D83D-4319-8D5A-666EB3578F97}.Debug|Any CPU.Build.0 = Debug|Any CPU
		{F752651B-D83D-4319-8D5A-666EB3578F97}.Release|Any CPU.ActiveCfg = Release|Any CPU
		{F752651B-D83D-4319-8D5A-666EB3578F97}.Release|Any CPU.Build.0 = Release|Any CPU
		{3CDA8D86-7497-4BFD-8D53-7DFFFE5DE74E}.Debug|Any CPU.ActiveCfg = Debug|Any CPU
		{3CDA8D86-7497-4BFD-8D53-7DFFFE5DE74E}.Debug|Any CPU.Build.0 = Debug|Any CPU
		{3CDA8D86-7497-4BFD-8D53-7DFFFE5DE74E}.Release|Any CPU.ActiveCfg = Release|Any CPU
		{3CDA8D86-7497-4BFD-8D53-7DFFFE5DE74E}.Release|Any CPU.Build.0 = Release|Any CPU
		{F527E642-B93B-43CE-A0C5-EDF4B8E5483F}.Debug|Any CPU.ActiveCfg = Debug|Any CPU
		{F527E642-B93B-43CE-A0C5-EDF4B8E5483F}.Debug|Any CPU.Build.0 = Debug|Any CPU
		{F527E642-B93B-43CE-A0C5-EDF4B8E5483F}.Release|Any CPU.ActiveCfg = Release|Any CPU
		{F527E642-B93B-43CE-A0C5-EDF4B8E5483F}.Release|Any CPU.Build.0 = Release|Any CPU
	EndGlobalSection
	GlobalSection(SolutionProperties) = preSolution
		HideSolutionNode = FALSE
	EndGlobalSection
EndGlobal
